[root]
name = "victor"
version = "0.0.1"
dependencies = [
 "cssparser 0.5.5 (registry+https://github.com/rust-lang/crates.io-index)",
 "matches 0.1.2 (registry+https://github.com/rust-lang/crates.io-index)",
 "selectors 0.5.7 (registry+https://github.com/rust-lang/crates.io-index)",
 "string_cache 0.2.14 (registry+https://github.com/rust-lang/crates.io-index)",
 "xml-rs 0.3.2 (registry+https://github.com/rust-lang/crates.io-index)",
]

[[package]]
name = "bitflags"
version = "0.6.0"
source = "registry+https://github.com/rust-lang/crates.io-index"

[[package]]
name = "cssparser"
version = "0.5.5"
source = "registry+https://github.com/rust-lang/crates.io-index"
dependencies = [
 "encoding 0.2.32 (registry+https://github.com/rust-lang/crates.io-index)",
 "matches 0.1.2 (registry+https://github.com/rust-lang/crates.io-index)",
]

[[package]]
name = "debug_unreachable"
version = "0.1.1"
source = "registry+https://github.com/rust-lang/crates.io-index"
dependencies = [
 "unreachable 0.1.1 (registry+https://github.com/rust-lang/crates.io-index)",
]

[[package]]
name = "encoding"
version = "0.2.32"
source = "registry+https://github.com/rust-lang/crates.io-index"
dependencies = [
 "encoding-index-japanese 1.20141219.5 (registry+https://github.com/rust-lang/crates.io-index)",
 "encoding-index-korean 1.20141219.5 (registry+https://github.com/rust-lang/crates.io-index)",
 "encoding-index-simpchinese 1.20141219.5 (registry+https://github.com/rust-lang/crates.io-index)",
 "encoding-index-singlebyte 1.20141219.5 (registry+https://github.com/rust-lang/crates.io-index)",
 "encoding-index-tradchinese 1.20141219.5 (registry+https://github.com/rust-lang/crates.io-index)",
]

[[package]]
name = "encoding-index-japanese"
version = "1.20141219.5"
source = "registry+https://github.com/rust-lang/crates.io-index"
dependencies = [
 "encoding_index_tests 0.1.4 (registry+https://github.com/rust-lang/crates.io-index)",
]

[[package]]
name = "encoding-index-korean"
version = "1.20141219.5"
source = "registry+https://github.com/rust-lang/crates.io-index"
dependencies = [
 "encoding_index_tests 0.1.4 (registry+https://github.com/rust-lang/crates.io-index)",
]

[[package]]
name = "encoding-index-simpchinese"
version = "1.20141219.5"
source = "registry+https://github.com/rust-lang/crates.io-index"
dependencies = [
 "encoding_index_tests 0.1.4 (registry+https://github.com/rust-lang/crates.io-index)",
]

[[package]]
name = "encoding-index-singlebyte"
version = "1.20141219.5"
source = "registry+https://github.com/rust-lang/crates.io-index"
dependencies = [
 "encoding_index_tests 0.1.4 (registry+https://github.com/rust-lang/crates.io-index)",
]

[[package]]
name = "encoding-index-tradchinese"
version = "1.20141219.5"
source = "registry+https://github.com/rust-lang/crates.io-index"
dependencies = [
 "encoding_index_tests 0.1.4 (registry+https://github.com/rust-lang/crates.io-index)",
]

[[package]]
name = "encoding_index_tests"
version = "0.1.4"
source = "registry+https://github.com/rust-lang/crates.io-index"

[[package]]
name = "fnv"
version = "1.0.2"
source = "registry+https://github.com/rust-lang/crates.io-index"

[[package]]
name = "lazy_static"
version = "0.2.1"
source = "registry+https://github.com/rust-lang/crates.io-index"

[[package]]
name = "libc"
version = "0.2.11"
source = "registry+https://github.com/rust-lang/crates.io-index"

[[package]]
name = "matches"
version = "0.1.2"
source = "registry+https://github.com/rust-lang/crates.io-index"

[[package]]
name = "num-traits"
version = "0.1.32"
source = "registry+https://github.com/rust-lang/crates.io-index"

[[package]]
name = "phf_generator"
version = "0.7.14"
source = "registry+https://github.com/rust-lang/crates.io-index"
dependencies = [
 "phf_shared 0.7.14 (registry+https://github.com/rust-lang/crates.io-index)",
 "rand 0.3.14 (registry+https://github.com/rust-lang/crates.io-index)",
]

[[package]]
name = "phf_shared"
version = "0.7.14"
source = "registry+https://github.com/rust-lang/crates.io-index"

[[package]]
name = "quickersort"
version = "2.0.1"
source = "registry+https://github.com/rust-lang/crates.io-index"
dependencies = [
 "num-traits 0.1.32 (registry+https://github.com/rust-lang/crates.io-index)",
 "unreachable 0.1.1 (registry+https://github.com/rust-lang/crates.io-index)",
]

[[package]]
name = "rand"
version = "0.3.14"
source = "registry+https://github.com/rust-lang/crates.io-index"
dependencies = [
 "libc 0.2.11 (registry+https://github.com/rust-lang/crates.io-index)",
]

[[package]]
name = "selectors"
version = "0.5.7"
source = "registry+https://github.com/rust-lang/crates.io-index"
dependencies = [
 "bitflags 0.6.0 (registry+https://github.com/rust-lang/crates.io-index)",
 "cssparser 0.5.5 (registry+https://github.com/rust-lang/crates.io-index)",
 "fnv 1.0.2 (registry+https://github.com/rust-lang/crates.io-index)",
 "matches 0.1.2 (registry+https://github.com/rust-lang/crates.io-index)",
 "quickersort 2.0.1 (registry+https://github.com/rust-lang/crates.io-index)",
 "smallvec 0.1.7 (registry+https://github.com/rust-lang/crates.io-index)",
 "string_cache 0.2.14 (registry+https://github.com/rust-lang/crates.io-index)",
]

[[package]]
name = "serde"
version = "0.7.4"
source = "registry+https://github.com/rust-lang/crates.io-index"

[[package]]
name = "smallvec"
version = "0.1.7"
source = "registry+https://github.com/rust-lang/crates.io-index"

[[package]]
name = "string_cache"
version = "0.2.14"
source = "registry+https://github.com/rust-lang/crates.io-index"
dependencies = [
 "debug_unreachable 0.1.1 (registry+https://github.com/rust-lang/crates.io-index)",
 "lazy_static 0.2.1 (registry+https://github.com/rust-lang/crates.io-index)",
 "phf_generator 0.7.14 (registry+https://github.com/rust-lang/crates.io-index)",
 "phf_shared 0.7.14 (registry+https://github.com/rust-lang/crates.io-index)",
 "serde 0.7.4 (registry+https://github.com/rust-lang/crates.io-index)",
]

[[package]]
name = "unreachable"
version = "0.1.1"
source = "registry+https://github.com/rust-lang/crates.io-index"
dependencies = [
 "void 1.0.2 (registry+https://github.com/rust-lang/crates.io-index)",
]

[[package]]
name = "void"
version = "1.0.2"
source = "registry+https://github.com/rust-lang/crates.io-index"

[[package]]
name = "xml-rs"
version = "0.3.2"
source = "registry+https://github.com/rust-lang/crates.io-index"
dependencies = [
 "bitflags 0.6.0 (registry+https://github.com/rust-lang/crates.io-index)",
]

[metadata]
"checksum bitflags 0.6.0 (registry+https://github.com/rust-lang/crates.io-index)" = "72cd7314bd4ee024071241147222c706e80385a1605ac7d4cd2fcc339da2ae46"
"checksum cssparser 0.5.5 (registry+https://github.com/rust-lang/crates.io-index)" = "a7c36b25382a87250be0d9d7c11810be000c4444e0d879c0db526375f79b135f"
"checksum debug_unreachable 0.1.1 (registry+https://github.com/rust-lang/crates.io-index)" = "9a032eac705ca39214d169f83e3d3da290af06d8d1d344d1baad2fd002dca4b3"
"checksum encoding 0.2.32 (registry+https://github.com/rust-lang/crates.io-index)" = "1119ca1c88774efeed1a7926958e212e02af7437bdeab8520dbc7aa1abde3026"
"checksum encoding-index-japanese 1.20141219.5 (registry+https://github.com/rust-lang/crates.io-index)" = "04e8b2ff42e9a05335dbf8b5c6f7567e5591d0d916ccef4e0b1710d32a0d0c91"
"checksum encoding-index-korean 1.20141219.5 (registry+https://github.com/rust-lang/crates.io-index)" = "4dc33fb8e6bcba213fe2f14275f0963fd16f0a02c878e3095ecfdf5bee529d81"
"checksum encoding-index-simpchinese 1.20141219.5 (registry+https://github.com/rust-lang/crates.io-index)" = "d87a7194909b9118fc707194baa434a4e3b0fb6a5a757c73c3adb07aa25031f7"
"checksum encoding-index-singlebyte 1.20141219.5 (registry+https://github.com/rust-lang/crates.io-index)" = "3351d5acffb224af9ca265f435b859c7c01537c0849754d3db3fdf2bfe2ae84a"
"checksum encoding-index-tradchinese 1.20141219.5 (registry+https://github.com/rust-lang/crates.io-index)" = "fd0e20d5688ce3cab59eb3ef3a2083a5c77bf496cb798dc6fcdb75f323890c18"
"checksum encoding_index_tests 0.1.4 (registry+https://github.com/rust-lang/crates.io-index)" = "a246d82be1c9d791c5dfde9a2bd045fc3cbba3fa2b11ad558f27d01712f00569"
"checksum fnv 1.0.2 (registry+https://github.com/rust-lang/crates.io-index)" = "6986d86e860ee9eb8fa701235b1c63dc7a2a2054b8e96114611dfa8fd48c950f"
"checksum lazy_static 0.2.1 (registry+https://github.com/rust-lang/crates.io-index)" = "49247ec2a285bb3dcb23cbd9c35193c025e7251bfce77c1d5da97e6362dffe7f"
"checksum libc 0.2.11 (registry+https://github.com/rust-lang/crates.io-index)" = "c96061f0c8a2dc27482e394d82e23073569de41d73cd736672ccd3e5c7471bfd"
"checksum matches 0.1.2 (registry+https://github.com/rust-lang/crates.io-index)" = "15305656809ce5a4805b1ff2946892810992197ce1270ff79baded852187942e"
"checksum num-traits 0.1.32 (registry+https://github.com/rust-lang/crates.io-index)" = "51eab148f171aefad295f8cece636fc488b9b392ef544da31ea4b8ef6b9e9c39"
"checksum phf_generator 0.7.14 (registry+https://github.com/rust-lang/crates.io-index)" = "db005608fd99800c8c74106a7c894cf582055b689aa14a79462cefdcb7dc1cc3"
"checksum phf_shared 0.7.14 (registry+https://github.com/rust-lang/crates.io-index)" = "fee4d039930e4f45123c9b15976cf93a499847b6483dc09c42ea0ec4940f2aa6"
"checksum quickersort 2.0.1 (registry+https://github.com/rust-lang/crates.io-index)" = "5950b7cb98904f6f7856bdff5b0987821f8a4ec4a67f4be892ddc8ed244ce89d"
"checksum rand 0.3.14 (registry+https://github.com/rust-lang/crates.io-index)" = "2791d88c6defac799c3f20d74f094ca33b9332612d9aef9078519c82e4fe04a5"
"checksum selectors 0.5.7 (registry+https://github.com/rust-lang/crates.io-index)" = "cb54f80b6dc073f0e2b1cfc8827e01bc132eb458b15a7f18a2f4c93a91a56512"
"checksum serde 0.7.4 (registry+https://github.com/rust-lang/crates.io-index)" = "559aced2787ce4ec7c2abac88e745ae304fcdc775b4d6c98f5ac492b0dc042d9"
"checksum smallvec 0.1.7 (registry+https://github.com/rust-lang/crates.io-index)" = "c6f6c83ba92e9fb79e978b33b3ca68960b73e768e929ae48f15ef7b6a98ba8fd"
"checksum string_cache 0.2.14 (registry+https://github.com/rust-lang/crates.io-index)" = "3b892969acbc77bb1e91d99e073ca2e04b9654afacffaa7429eaacea9bdf3197"
"checksum unreachable 0.1.1 (registry+https://github.com/rust-lang/crates.io-index)" = "1f2ae5ddb18e1c92664717616dd9549dde73f539f01bd7b77c2edb2446bdff91"
"checksum void 1.0.2 (registry+https://github.com/rust-lang/crates.io-index)" = "6a02e4885ed3bc0f2de90ea6dd45ebcbb66dacffe03547fadbb0eeae2770887d"
"checksum xml-rs 0.3.2 (registry+https://github.com/rust-lang/crates.io-index)" = "b03b1014ae6406dfaebf650f3648a4fc45f8327d83d1430e5df44fb06e3fb26e"
